
Microsoft Visual Studio Solution File, Format Version 12.00
# Visual Studio Version 17
VisualStudioVersion = 17.8.34322.80
MinimumVisualStudioVersion = 10.0.40219.1
Project("{FAE04EC0-301F-11D3-BF4B-00C04F79EFBC}") = "ConsoleApp1", "ConsoleApp1.csproj", "{B3DC7C0C-4008-44EF-B7A8-5C15B3E18ED7}"
EndProject
Global
	GlobalSection(SolutionConfigurationPlatforms) = preSolution
		Debug|Any CPU = Debug|Any CPU
		Release|Any CPU = Release|Any CPU
	EndGlobalSection
	GlobalSection(ProjectConfigurationPlatforms) = postSolution
		{B3DC7C0C-4008-44EF-B7A8-5C15B3E18ED7}.Debug|Any CPU.ActiveCfg = Debug|Any CPU
		{B3DC7C0C-4008-44EF-B7A8-5C15B3E18ED7}.Debug|Any CPU.Build.0 = Debug|Any CPU
		{B3DC7C0C-4008-44EF-B7A8-5C15B3E18ED7}.Release|Any CPU.ActiveCfg = Release|Any CPU
		{B3DC7C0C-4008-44EF-B7A8-5C15B3E18ED7}.Release|Any CPU.Build.0 = Release|Any CPU
	EndGlobalSection
	GlobalSection(SolutionProperties) = preSolution
		HideSolutionNode = FALSE
	EndGlobalSection
	GlobalSection(ExtensibilityGlobals) = postSolution
		SolutionGuid = {9B3C12EA-79AC-4D62-8D9F-D9807FE9EB1B}
	EndGlobalSection
EndGlobal
